// !$*UTF8*$!
{
	archiveVersion = 1;
	classes = {
	};
	objectVersion = 51;
	objects = {

/* Begin PBXBuildFile section */
		28D02E5B26B123D3D9ACFE93 /* Pods_lintDemo.framework in Frameworks */ = {isa = PBXBuildFile; fileRef = F772F7EB041B00D4E60E92BE /* Pods_lintDemo.framework */; };
		ECA0BAC124053EC3008DF97D /* AppDelegate.swift in Sources */ = {isa = PBXBuildFile; fileRef = ECA0BAC024053EC3008DF97D /* AppDelegate.swift */; };
		ECA0BAC324053EC3008DF97D /* SceneDelegate.swift in Sources */ = {isa = PBXBuildFile; fileRef = ECA0BAC224053EC3008DF97D /* SceneDelegate.swift */; };
		ECA0BAC524053EC3008DF97D /* ViewController.swift in Sources */ = {isa = PBXBuildFile; fileRef = ECA0BAC424053EC3008DF97D /* ViewController.swift */; };
		ECA0BAC824053EC3008DF97D /* Main.storyboard in Resources */ = {isa = PBXBuildFile; fileRef = ECA0BAC624053EC3008DF97D /* Main.storyboard */; };
		ECA0BACA24053EC4008DF97D /* Assets.xcassets in Resources */ = {isa = PBXBuildFile; fileRef = ECA0BAC924053EC4008DF97D /* Assets.xcassets */; };
		ECA0BACD24053EC4008DF97D /* LaunchScreen.storyboard in Resources */ = {isa = PBXBuildFile; fileRef = ECA0BACB24053EC4008DF97D /* LaunchScreen.storyboard */; };
/* End PBXBuildFile section */

/* Begin PBXFileReference section */
		42C389773656C3DB4558E6DE /* Pods-lintDemo.release.xcconfig */ = {isa = PBXFileReference; includeInIndex = 1; lastKnownFileType = text.xcconfig; name = "Pods-lintDemo.release.xcconfig"; path = "Target Support Files/Pods-lintDemo/Pods-lintDemo.release.xcconfig"; sourceTree = "<group>"; };
		AD28152650459A09D2789447 /* Pods-lintDemo.debug.xcconfig */ = {isa = PBXFileReference; includeInIndex = 1; lastKnownFileType = text.xcconfig; name = "Pods-lintDemo.debug.xcconfig"; path = "Target Support Files/Pods-lintDemo/Pods-lintDemo.debug.xcconfig"; sourceTree = "<group>"; };
		ECA0BABD24053EC3008DF97D /* lintDemo.app */ = {isa = PBXFileReference; explicitFileType = wrapper.application; includeInIndex = 0; path = lintDemo.app; sourceTree = BUILT_PRODUCTS_DIR; };
		ECA0BAC024053EC3008DF97D /* AppDelegate.swift */ = {isa = PBXFileReference; lastKnownFileType = sourcecode.swift; path = AppDelegate.swift; sourceTree = "<group>"; };
		ECA0BAC224053EC3008DF97D /* SceneDelegate.swift */ = {isa = PBXFileReference; lastKnownFileType = sourcecode.swift; path = SceneDelegate.swift; sourceTree = "<group>"; };
		ECA0BAC424053EC3008DF97D /* ViewController.swift */ = {isa = PBXFileReference; lastKnownFileType = sourcecode.swift; path = ViewController.swift; sourceTree = "<group>"; };
		ECA0BAC724053EC3008DF97D /* Base */ = {isa = PBXFileReference; lastKnownFileType = file.storyboard; name = Base; path = Base.lproj/Main.storyboard; sourceTree = "<group>"; };
		ECA0BAC924053EC4008DF97D /* Assets.xcassets */ = {isa = PBXFileReference; lastKnownFileType = folder.assetcatalog; path = Assets.xcassets; sourceTree = "<group>"; };
		ECA0BACC24053EC4008DF97D /* Base */ = {isa = PBXFileReference; lastKnownFileType = file.storyboard; name = Base; path = Base.lproj/LaunchScreen.storyboard; sourceTree = "<group>"; };
		ECA0BACE24053EC4008DF97D /* Info.plist */ = {isa = PBXFileReference; lastKnownFileType = text.plist.xml; path = Info.plist; sourceTree = "<group>"; };
		F772F7EB041B00D4E60E92BE /* Pods_lintDemo.framework */ = {isa = PBXFileReference; explicitFileType = wrapper.framework; includeInIndex = 0; path = Pods_lintDemo.framework; sourceTree = BUILT_PRODUCTS_DIR; };
/* End PBXFileReference section */

/* Begin PBXFrameworksBuildPhase section */
		ECA0BABA24053EC3008DF97D /* Frameworks */ = {
			isa = PBXFrameworksBuildPhase;
			buildActionMask = 2147483647;
			files = (
				28D02E5B26B123D3D9ACFE93 /* Pods_lintDemo.framework in Frameworks */,
			);
			runOnlyForDeploymentPostprocessing = 0;
		};
/* End PBXFrameworksBuildPhase section */

/* Begin PBXGroup section */
		4ED89C4AFE594B2E243A98C2 /* Frameworks */ = {
			isa = PBXGroup;
			children = (
				F772F7EB041B00D4E60E92BE /* Pods_lintDemo.framework */,
			);
			name = Frameworks;
			sourceTree = "<group>";
		};
		7569E8D0D1B1B05BE9C1EC11 /* Pods */ = {
			isa = PBXGroup;
			children = (
				AD28152650459A09D2789447 /* Pods-lintDemo.debug.xcconfig */,
				42C389773656C3DB4558E6DE /* Pods-lintDemo.release.xcconfig */,
			);
			path = Pods;
			sourceTree = "<group>";
		};
		ECA0BAB424053EC3008DF97D = {
			isa = PBXGroup;
			children = (
				ECA0BABF24053EC3008DF97D /* lintDemo */,
				ECA0BABE24053EC3008DF97D /* Products */,
				7569E8D0D1B1B05BE9C1EC11 /* Pods */,
				4ED89C4AFE594B2E243A98C2 /* Frameworks */,
			);
			sourceTree = "<group>";
		};
		ECA0BABE24053EC3008DF97D /* Products */ = {
			isa = PBXGroup;
			children = (
				ECA0BABD24053EC3008DF97D /* lintDemo.app */,
			);
			name = Products;
			sourceTree = "<group>";
		};
		ECA0BABF24053EC3008DF97D /* lintDemo */ = {
			isa = PBXGroup;
			children = (
				ECA0BAC024053EC3008DF97D /* AppDelegate.swift */,
				ECA0BAC224053EC3008DF97D /* SceneDelegate.swift */,
				ECA0BAC424053EC3008DF97D /* ViewController.swift */,
				ECA0BAC624053EC3008DF97D /* Main.storyboard */,
				ECA0BAC924053EC4008DF97D /* Assets.xcassets */,
				ECA0BACB24053EC4008DF97D /* LaunchScreen.storyboard */,
				ECA0BACE24053EC4008DF97D /* Info.plist */,
			);
			path = lintDemo;
			sourceTree = "<group>";
		};
/* End PBXGroup section */

/* Begin PBXNativeTarget section */
		ECA0BABC24053EC3008DF97D /* lintDemo */ = {
			isa = PBXNativeTarget;
			buildConfigurationList = ECA0BAD124053EC4008DF97D /* Build configuration list for PBXNativeTarget "lintDemo" */;
			buildPhases = (
				79BA2D584C31C6C50ECA4402 /* [CP] Check Pods Manifest.lock */,
				ECA0BAB924053EC3008DF97D /* Sources */,
				ECA0BABA24053EC3008DF97D /* Frameworks */,
				ECA0BABB24053EC3008DF97D /* Resources */,
				ECA0BAD5240541D8008DF97D /* ShellScript */,
				017C215A0A8C443919039D39 /* [CP] Embed Pods Frameworks */,
			);
			buildRules = (
			);
			dependencies = (
			);
			name = lintDemo;
			productName = lintDemo;
			productReference = ECA0BABD24053EC3008DF97D /* lintDemo.app */;
			productType = "com.apple.product-type.application";
		};
/* End PBXNativeTarget section */

/* Begin PBXProject section */
		ECA0BAB524053EC3008DF97D /* Project object */ = {
			isa = PBXProject;
			attributes = {
				LastSwiftUpdateCheck = 1130;
				LastUpgradeCheck = 1130;
				ORGANIZATIONNAME = gwl;
				TargetAttributes = {
					ECA0BABC24053EC3008DF97D = {
						CreatedOnToolsVersion = 11.3;
					};
				};
			};
			buildConfigurationList = ECA0BAB824053EC3008DF97D /* Build configuration list for PBXProject "lintDemo" */;
			compatibilityVersion = "Xcode 9.3";
			developmentRegion = en;
			hasScannedForEncodings = 0;
			knownRegions = (
				en,
				Base,
			);
			mainGroup = ECA0BAB424053EC3008DF97D;
			productRefGroup = ECA0BABE24053EC3008DF97D /* Products */;
			projectDirPath = "";
			projectRoot = "";
			targets = (
				ECA0BABC24053EC3008DF97D /* lintDemo */,
			);
		};
/* End PBXProject section */

/* Begin PBXResourcesBuildPhase section */
		ECA0BABB24053EC3008DF97D /* Resources */ = {
			isa = PBXResourcesBuildPhase;
			buildActionMask = 2147483647;
			files = (
				ECA0BACD24053EC4008DF97D /* LaunchScreen.storyboard in Resources */,
				ECA0BACA24053EC4008DF97D /* Assets.xcassets in Resources */,
				ECA0BAC824053EC3008DF97D /* Main.storyboard in Resources */,
			);
			runOnlyForDeploymentPostprocessing = 0;
		};
/* End PBXResourcesBuildPhase section */

/* Begin PBXShellScriptBuildPhase section */
		017C215A0A8C443919039D39 /* [CP] Embed Pods Frameworks */ = {
			isa = PBXShellScriptBuildPhase;
			buildActionMask = 2147483647;
			files = (
			);
			inputFileListPaths = (
				"${PODS_ROOT}/Target Support Files/Pods-lintDemo/Pods-lintDemo-frameworks-${CONFIGURATION}-input-files.xcfilelist",
			);
			name = "[CP] Embed Pods Frameworks";
			outputFileListPaths = (
				"${PODS_ROOT}/Target Support Files/Pods-lintDemo/Pods-lintDemo-frameworks-${CONFIGURATION}-output-files.xcfilelist",
			);
			runOnlyForDeploymentPostprocessing = 0;
			shellPath = /bin/sh;
			shellScript = "\"${PODS_ROOT}/Target Support Files/Pods-lintDemo/Pods-lintDemo-frameworks.sh\"\n";
			showEnvVarsInLog = 0;
		};
		79BA2D584C31C6C50ECA4402 /* [CP] Check Pods Manifest.lock */ = {
			isa = PBXShellScriptBuildPhase;
			buildActionMask = 2147483647;
			files = (
			);
			inputFileListPaths = (
			);
			inputPaths = (
				"${PODS_PODFILE_DIR_PATH}/Podfile.lock",
				"${PODS_ROOT}/Manifest.lock",
			);
			name = "[CP] Check Pods Manifest.lock";
			outputFileListPaths = (
			);
			outputPaths = (
				"$(DERIVED_FILE_DIR)/Pods-lintDemo-checkManifestLockResult.txt",
			);
			runOnlyForDeploymentPostprocessing = 0;
			shellPath = /bin/sh;
			shellScript = "diff \"${PODS_PODFILE_DIR_PATH}/Podfile.lock\" \"${PODS_ROOT}/Manifest.lock\" > /dev/null\nif [ $? != 0 ] ; then\n    # print error to STDERR\n    echo \"error: The sandbox is not in sync with the Podfile.lock. Run 'pod install' or update your CocoaPods installation.\" >&2\n    exit 1\nfi\n# This output is used by Xcode 'outputs' to avoid re-running this script phase.\necho \"SUCCESS\" > \"${SCRIPT_OUTPUT_FILE_0}\"\n";
			showEnvVarsInLog = 0;
		};
		ECA0BAD5240541D8008DF97D /* ShellScript */ = {
			isa = PBXShellScriptBuildPhase;
			buildActionMask = 2147483647;
			files = (
			);
			inputFileListPaths = (
			);
			inputPaths = (
			);
			outputFileListPaths = (
			);
			outputPaths = (
			);
			runOnlyForDeploymentPostprocessing = 0;
			shellPath = /bin/sh;
			shellScript = "if which swiftlint >/dev/null; then\nswiftlint --config ./SwiftPkg.framework/.swiftlint.yml --no-cache\nelse\necho \"warning: SwiftLint not installed, 'brew install swiftlint' or download from https://github.com/realm/SwiftLint\"\nfi\n";
		};
/* End PBXShellScriptBuildPhase section */

/* Begin PBXSourcesBuildPhase section */
		ECA0BAB924053EC3008DF97D /* Sources */ = {
			isa = PBXSourcesBuildPhase;
			buildActionMask = 2147483647;
			files = (
				ECA0BAC524053EC3008DF97D /* ViewController.swift in Sources */,
				ECA0BAC124053EC3008DF97D /* AppDelegate.swift in Sources */,
				ECA0BAC324053EC3008DF97D /* SceneDelegate.swift in Sources */,
			);
			runOnlyForDeploymentPostprocessing = 0;
		};
/* End PBXSourcesBuildPhase section */

/* Begin PBXVariantGroup section */
		ECA0BAC624053EC3008DF97D /* Main.storyboard */ = {
			isa = PBXVariantGroup;
			children = (
				ECA0BAC724053EC3008DF97D /* Base */,
			);
			name = Main.storyboard;
			sourceTree = "<group>";
		};
		ECA0BACB24053EC4008DF97D /* LaunchScreen.storyboard */ = {
			isa = PBXVariantGroup;
			children = (
				ECA0BACC24053EC4008DF97D /* Base */,
			);
			name = LaunchScreen.storyboard;
			sourceTree = "<group>";
		};
/* End PBXVariantGroup section */

/* Begin XCBuildConfiguration section */
		ECA0BACF24053EC4008DF97D /* Debug */ = {
			isa = XCBuildConfiguration;
			buildSettings = {
				ALWAYS_SEARCH_USER_PATHS = NO;
				CLANG_ANALYZER_NONNULL = YES;
				CLANG_ANALYZER_NUMBER_OBJECT_CONVERSION = YES_AGGRESSIVE;
				CLANG_CXX_LANGUAGE_STANDARD = "gnu++14";
				CLANG_CXX_LIBRARY = "libc++";
				CLANG_ENABLE_MODULES = YES;
				CLANG_ENABLE_OBJC_ARC = YES;
				CLANG_ENABLE_OBJC_WEAK = YES;
				CLANG_WARN_BLOCK_CAPTURE_AUTORELEASING = YES;
				CLANG_WARN_BOOL_CONVERSION = YES;
				CLANG_WARN_COMMA = YES;
				CLANG_WARN_CONSTANT_CONVERSION = YES;
				CLANG_WARN_DEPRECATED_OBJC_IMPLEMENTATIONS = YES;
				CLANG_WARN_DIRECT_OBJC_ISA_USAGE = YES_ERROR;
				CLANG_WARN_DOCUMENTATION_COMMENTS = YES;
				CLANG_WARN_EMPTY_BODY = YES;
				CLANG_WARN_ENUM_CONVERSION = YES;
				CLANG_WARN_INFINITE_RECURSION = YES;
				CLANG_WARN_INT_CONVERSION = YES;
				CLANG_WARN_NON_LITERAL_NULL_CONVERSION = YES;
				CLANG_WARN_OBJC_IMPLICIT_RETAIN_SELF = YES;
				CLANG_WARN_OBJC_LITERAL_CONVERSION = YES;
				CLANG_WARN_OBJC_ROOT_CLASS = YES_ERROR;
				CLANG_WARN_RANGE_LOOP_ANALYSIS = YES;
				CLANG_WARN_STRICT_PROTOTYPES = YES;
				CLANG_WARN_SUSPICIOUS_MOVE = YES;
				CLANG_WARN_UNGUARDED_AVAILABILITY = YES_AGGRESSIVE;
				CLANG_WARN_UNREACHABLE_CODE = YES;
				CLANG_WARN__DUPLICATE_METHOD_MATCH = YES;
				COPY_PHASE_STRIP = NO;
				DEBUG_INFORMATION_FORMAT = dwarf;
				ENABLE_STRICT_OBJC_MSGSEND = YES;
				ENABLE_TESTABILITY = YES;
				GCC_C_LANGUAGE_STANDARD = gnu11;
				GCC_DYNAMIC_NO_PIC = NO;
				GCC_NO_COMMON_BLOCKS = YES;
				GCC_OPTIMIZATION_LEVEL = 0;
				GCC_PREPROCESSOR_DEFINITIONS = (
					"DEBUG=1",
					"$(inherited)",
				);
				GCC_WARN_64_TO_32_BIT_CONVERSION = YES;
				GCC_WARN_ABOUT_RETURN_TYPE = YES_ERROR;
				GCC_WARN_UNDECLARED_SELECTOR = YES;
				GCC_WARN_UNINITIALIZED_AUTOS = YES_AGGRESSIVE;
				GCC_WARN_UNUSED_FUNCTION = YES;
				GCC_WARN_UNUSED_VARIABLE = YES;
				IPHONEOS_DEPLOYMENT_TARGET = 13.2;
				MTL_ENABLE_DEBUG_INFO = INCLUDE_SOURCE;
				MTL_FAST_MATH = YES;
				ONLY_ACTIVE_ARCH = YES;
				SDKROOT = iphoneos;
				SWIFT_ACTIVE_COMPILATION_CONDITIONS = DEBUG;
				SWIFT_OPTIMIZATION_LEVEL = "-Onone";
			};
			name = Debug;
		};
		ECA0BAD024053EC4008DF97D /* Release */ = {
			isa = XCBuildConfiguration;
			buildSettings = {
				ALWAYS_SEARCH_USER_PATHS = NO;
				CLANG_ANALYZER_NONNULL = YES;
				CLANG_ANALYZER_NUMBER_OBJECT_CONVERSION = YES_AGGRESSIVE;
				CLANG_CXX_LANGUAGE_STANDARD = "gnu++14";
				CLANG_CXX_LIBRARY = "libc++";
				CLANG_ENABLE_MODULES = YES;
				CLANG_ENABLE_OBJC_ARC = YES;
				CLANG_ENABLE_OBJC_WEAK = YES;
				CLANG_WARN_BLOCK_CAPTURE_AUTORELEASING = YES;
				CLANG_WARN_BOOL_CONVERSION = YES;
				CLANG_WARN_COMMA = YES;
				CLANG_WARN_CONSTANT_CONVERSION = YES;
				CLANG_WARN_DEPRECATED_OBJC_IMPLEMENTATIONS = YES;
				CLANG_WARN_DIRECT_OBJC_ISA_USAGE = YES_ERROR;
				CLANG_WARN_DOCUMENTATION_COMMENTS = YES;
				CLANG_WARN_EMPTY_BODY = YES;
				CLANG_WARN_ENUM_CONVERSION = YES;
				CLANG_WARN_INFINITE_RECURSION = YES;
				CLANG_WARN_INT_CONVERSION = YES;
				CLANG_WARN_NON_LITERAL_NULL_CONVERSION = YES;
				CLANG_WARN_OBJC_IMPLICIT_RETAIN_SELF = YES;
				CLANG_WARN_OBJC_LITERAL_CONVERSION = YES;
				CLANG_WARN_OBJC_ROOT_CLASS = YES_ERROR;
				CLANG_WARN_RANGE_LOOP_ANALYSIS = YES;
				CLANG_WARN_STRICT_PROTOTYPES = YES;
				CLANG_WARN_SUSPICIOUS_MOVE = YES;
				CLANG_WARN_UNGUARDED_AVAILABILITY = YES_AGGRESSIVE;
				CLANG_WARN_UNREACHABLE_CODE = YES;
				CLANG_WARN__DUPLICATE_METHOD_MATCH = YES;
				COPY_PHASE_STRIP = NO;
				DEBUG_INFORMATION_FORMAT = "dwarf-with-dsym";
				ENABLE_NS_ASSERTIONS = NO;
				ENABLE_STRICT_OBJC_MSGSEND = YES;
				GCC_C_LANGUAGE_STANDARD = gnu11;
				GCC_NO_COMMON_BLOCKS = YES;
				GCC_WARN_64_TO_32_BIT_CONVERSION = YES;
				GCC_WARN_ABOUT_RETURN_TYPE = YES_ERROR;
				GCC_WARN_UNDECLARED_SELECTOR = YES;
				GCC_WARN_UNINITIALIZED_AUTOS = YES_AGGRESSIVE;
				GCC_WARN_UNUSED_FUNCTION = YES;
				GCC_WARN_UNUSED_VARIABLE = YES;
				IPHONEOS_DEPLOYMENT_TARGET = 13.2;
				MTL_ENABLE_DEBUG_INFO = NO;
				MTL_FAST_MATH = YES;
				SDKROOT = iphoneos;
				SWIFT_COMPILATION_MODE = wholemodule;
				SWIFT_OPTIMIZATION_LEVEL = "-O";
				VALIDATE_PRODUCT = YES;
			};
			name = Release;
		};
		ECA0BAD224053EC4008DF97D /* Debug */ = {
			isa = XCBuildConfiguration;
			baseConfigurationReference = AD28152650459A09D2789447 /* Pods-lintDemo.debug.xcconfig */;
			buildSettings = {
				ASSETCATALOG_COMPILER_APPICON_NAME = AppIcon;
				CODE_SIGN_STYLE = Automatic;
				INFOPLIST_FILE = lintDemo/Info.plist;
				LD_RUNPATH_SEARCH_PATHS = (
					"$(inherited)",
					"@executable_path/Frameworks",
				);
				PRODUCT_BUNDLE_IDENTIFIER = com.gwl.lintDemo;
				PRODUCT_NAME = "$(TARGET_NAME)";
				SWIFT_VERSION = 5.0;
				TARGETED_DEVICE_FAMILY = "1,2";
			};
			name = Debug;
		};
		ECA0BAD324053EC4008DF97D /* Release */ = {
			isa = XCBuildConfiguration;
			baseConfigurationReference = 42C389773656C3DB4558E6DE /* Pods-lintDemo.release.xcconfig */;
			buildSettings = {
				ASSETCATALOG_COMPILER_APPICON_NAME = AppIcon;
				CODE_SIGN_STYLE = Automatic;
				INFOPLIST_FILE = lintDemo/Info.plist;
				LD_RUNPATH_SEARCH_PATHS = (
					"$(inherited)",
					"@executable_path/Frameworks",
				);
				PRODUCT_BUNDLE_IDENTIFIER = com.gwl.lintDemo;
				PRODUCT_NAME = "$(TARGET_NAME)";
				SWIFT_VERSION = 5.0;
				TARGETED_DEVICE_FAMILY = "1,2";
			};
			name = Release;
		};
/* End XCBuildConfiguration section */

/* Begin XCConfigurationList section */
		ECA0BAB824053EC3008DF97D /* Build configuration list for PBXProject "lintDemo" */ = {
			isa = XCConfigurationList;
			buildConfigurations = (
				ECA0BACF24053EC4008DF97D /* Debug */,
				ECA0BAD024053EC4008DF97D /* Release */,
			);
			defaultConfigurationIsVisible = 0;
			defaultConfigurationName = Release;
		};
		ECA0BAD124053EC4008DF97D /* Build configuration list for PBXNativeTarget "lintDemo" */ = {
			isa = XCConfigurationList;
			buildConfigurations = (
				ECA0BAD224053EC4008DF97D /* Debug */,
				ECA0BAD324053EC4008DF97D /* Release */,
			);
			defaultConfigurationIsVisible = 0;
			defaultConfigurationName = Release;
		};
/* End XCConfigurationList section */
	};
	rootObject = ECA0BAB524053EC3008DF97D /* Project object */;
}
